
Microsoft Visual Studio Solution File, Format Version 12.00
# Visual Studio Version 17
VisualStudioVersion = 17.4.33603.86
MinimumVisualStudioVersion = 10.0.40219.1
Project("{9A19103F-16F7-4668-BE54-9A1E7A4F7556}") = "SojeeChat", "SojeeChat.csproj", "{6BE3A62F-8EAB-47B4-9605-A9E1B7DEA925}"
EndProject
Global
	GlobalSection(SolutionConfigurationPlatforms) = preSolution
		Debug|Any CPU = Debug|Any CPU
		Release|Any CPU = Release|Any CPU
	EndGlobalSection
	GlobalSection(ProjectConfigurationPlatforms) = postSolution
		{6BE3A62F-8EAB-47B4-9605-A9E1B7DEA925}.Debug|Any CPU.ActiveCfg = Debug|Any CPU
		{6BE3A62F-8EAB-47B4-9605-A9E1B7DEA925}.Debug|Any CPU.Build.0 = Debug|Any CPU
		{6BE3A62F-8EAB-47B4-9605-A9E1B7DEA925}.Release|Any CPU.ActiveCfg = Release|Any CPU
		{6BE3A62F-8EAB-47B4-9605-A9E1B7DEA925}.Release|Any CPU.Build.0 = Release|Any CPU
	EndGlobalSection
	GlobalSection(SolutionProperties) = preSolution
		HideSolutionNode = FALSE
	EndGlobalSection
	GlobalSection(ExtensibilityGlobals) = postSolution
		SolutionGuid = {615327F2-17DB-478A-A861-17026CE86E2A}
	EndGlobalSection
EndGlobal
